{
  "nodes": {
    "blank": {
      "locked": {
        "lastModified": 1625557891,
        "narHash": "sha256-O8/MWsPBGhhyPoPLHZAuoZiiHo9q6FLlEeIDEXuj6T4=",
        "owner": "divnix",
        "repo": "blank",
        "rev": "5a5d2684073d9f563072ed07c871d577a6c614a8",
        "type": "github"
      },
      "original": {
        "owner": "divnix",
        "repo": "blank",
        "type": "github"
      }
    },
    "devshell": {
      "inputs": {
        "flake-utils": [
          "std",
          "flake-utils"
        ],
        "nixpkgs": [
          "std",
          "nixpkgs"
        ]
      },
      "locked": {
        "lastModified": 1663445644,
        "narHash": "sha256-+xVlcK60x7VY1vRJbNUEAHi17ZuoQxAIH4S4iUFUGBA=",
        "owner": "numtide",
        "repo": "devshell",
        "rev": "e3dc3e21594fe07bdb24bdf1c8657acaa4cb8f66",
        "type": "github"
      },
      "original": {
        "owner": "numtide",
        "repo": "devshell",
        "type": "github"
      }
    },
    "dmerge": {
      "inputs": {
        "nixlib": [
          "std",
          "nixpkgs"
        ],
        "yants": [
          "std",
          "yants"
        ]
      },
      "locked": {
        "lastModified": 1659548052,
        "narHash": "sha256-fzI2gp1skGA8mQo/FBFrUAtY0GQkAIAaV/V127TJPyY=",
        "owner": "divnix",
        "repo": "data-merge",
        "rev": "d160d18ce7b1a45b88344aa3f13ed1163954b497",
        "type": "github"
      },
      "original": {
        "owner": "divnix",
        "repo": "data-merge",
        "type": "github"
      }
    },
    "flake-compat": {
      "flake": false,
      "locked": {
        "lastModified": 1673956053,
        "narHash": "sha256-4gtG9iQuiKITOjNQQeQIpoIB6b16fm+504Ch3sNKLd8=",
        "owner": "edolstra",
        "repo": "flake-compat",
        "rev": "35bb57c0c8d8b62bbfd284272c928ceb64ddbde9",
        "type": "github"
      },
      "original": {
        "owner": "edolstra",
        "repo": "flake-compat",
        "type": "github"
      }
    },
    "flake-parts": {
      "inputs": {
        "nixpkgs-lib": [
          "nixpkgs-wayland",
          "nix-eval-jobs",
          "nixpkgs"
        ]
      },
      "locked": {
        "lastModified": 1674771137,
        "narHash": "sha256-Zpk1GbEsYrqKmuIZkx+f+8pU0qcCYJoSUwNz1Zk+R00=",
        "owner": "hercules-ci",
        "repo": "flake-parts",
        "rev": "7c7a8bce3dffe71203dcd4276504d1cb49dfe05f",
        "type": "github"
      },
      "original": {
        "owner": "hercules-ci",
        "repo": "flake-parts",
        "type": "github"
      }
    },
    "flake-utils": {
      "locked": {
        "lastModified": 1659877975,
        "narHash": "sha256-zllb8aq3YO3h8B/U0/J1WBgAL8EX5yWf5pMj3G0NAmc=",
        "owner": "numtide",
        "repo": "flake-utils",
        "rev": "c0e246b9b83f637f4681389ecabcb2681b4f3af0",
        "type": "github"
      },
      "original": {
        "owner": "numtide",
        "repo": "flake-utils",
        "type": "github"
      }
    },
    "flake-utils_2": {
      "locked": {
        "lastModified": 1667395993,
        "narHash": "sha256-nuEHfE/LcWyuSWnS8t12N1wc105Qtau+/OdUAjtQ0rA=",
        "owner": "numtide",
        "repo": "flake-utils",
        "rev": "5aed5285a952e0b949eb3ba02c12fa4fcfef535f",
        "type": "github"
      },
      "original": {
        "owner": "numtide",
        "repo": "flake-utils",
        "type": "github"
      }
    },
    "flake-utils_3": {
      "locked": {
        "lastModified": 1659877975,
        "narHash": "sha256-zllb8aq3YO3h8B/U0/J1WBgAL8EX5yWf5pMj3G0NAmc=",
        "owner": "numtide",
        "repo": "flake-utils",
        "rev": "c0e246b9b83f637f4681389ecabcb2681b4f3af0",
        "type": "github"
      },
      "original": {
        "owner": "numtide",
        "repo": "flake-utils",
        "type": "github"
      }
    },
    "incl": {
      "inputs": {
        "nixlib": [
          "std",
          "nixpkgs"
        ]
      },
      "locked": {
        "lastModified": 1669263024,
        "narHash": "sha256-E/+23NKtxAqYG/0ydYgxlgarKnxmDbg6rCMWnOBqn9Q=",
        "owner": "divnix",
        "repo": "incl",
        "rev": "ce7bebaee048e4cd7ebdb4cee7885e00c4e2abca",
        "type": "github"
      },
      "original": {
        "owner": "divnix",
        "repo": "incl",
        "type": "github"
      }
    },
    "lib-aggregate": {
      "inputs": {
        "flake-utils": "flake-utils_2",
        "nixpkgs-lib": "nixpkgs-lib"
      },
      "locked": {
        "lastModified": 1674994116,
        "narHash": "sha256-KHcCk/EnKqC1Dl5hFnJVNJ4AwOQSgYKG/xG7FZxGzsI=",
        "owner": "nix-community",
        "repo": "lib-aggregate",
        "rev": "c15111d65432ee32ce64d31b268219e2d4d1bae6",
        "type": "github"
      },
      "original": {
        "owner": "nix-community",
        "repo": "lib-aggregate",
        "type": "github"
      }
    },
    "n2c": {
      "inputs": {
        "flake-utils": [
          "std",
          "flake-utils"
        ],
        "nixpkgs": [
          "std",
          "nixpkgs"
        ]
      },
      "locked": {
        "lastModified": 1665039323,
        "narHash": "sha256-SAh3ZjFGsaCI8FRzXQyp56qcGdAqgKEfJWPCQ0Sr7tQ=",
        "owner": "nlewo",
        "repo": "nix2container",
        "rev": "b008fe329ffb59b67bf9e7b08ede6ee792f2741a",
        "type": "github"
      },
      "original": {
        "owner": "nlewo",
        "repo": "nix2container",
        "type": "github"
      }
    },
    "nix-eval-jobs": {
      "inputs": {
        "flake-parts": "flake-parts",
        "nixpkgs": "nixpkgs"
      },
      "locked": {
        "lastModified": 1675041725,
        "narHash": "sha256-b1C+pLPA7ZWp3mDtMoFIEKmBhCSSCpe6tTpLP0Vc8Es=",
        "owner": "nix-community",
        "repo": "nix-eval-jobs",
        "rev": "dd47d16dc2d88a210197079b362ffefed09a4265",
        "type": "github"
      },
      "original": {
        "owner": "nix-community",
        "repo": "nix-eval-jobs",
        "type": "github"
      }
    },
    "nixago": {
      "inputs": {
        "flake-utils": [
          "std",
          "flake-utils"
        ],
        "nixago-exts": [
          "std",
          "blank"
        ],
        "nixpkgs": [
          "std",
          "nixpkgs"
        ]
      },
      "locked": {
        "lastModified": 1661824785,
        "narHash": "sha256-/PnwdWoO/JugJZHtDUioQp3uRiWeXHUdgvoyNbXesz8=",
        "owner": "nix-community",
        "repo": "nixago",
        "rev": "8c1f9e5f1578d4b2ea989f618588d62a335083c3",
        "type": "github"
      },
      "original": {
        "owner": "nix-community",
        "repo": "nixago",
        "type": "github"
      }
    },
    "nixgl": {
      "inputs": {
        "flake-utils": "flake-utils",
        "nixpkgs": [
          "std",
          "nixpkgs"
        ]
      },
      "locked": {
        "lastModified": 1672992692,
        "narHash": "sha256-/eLQLSNIa22ARTZbk+x8i0iE8khe1eiHWkuxgTVXZ7g=",
        "owner": "guibou",
        "repo": "nixGL",
        "rev": "643e730efb981ffaf8478f441ec9b9aeea1c89f5",
        "type": "github"
      },
      "original": {
        "owner": "guibou",
        "repo": "nixGL",
        "type": "github"
      }
    },
    "nixpkgs": {
      "locked": {
        "lastModified": 1675040521,
        "narHash": "sha256-+YhT+lQT95qHcj5SNXdRFqIV/SvAezT90T8GzqQ94lE=",
        "owner": "NixOS",
        "repo": "nixpkgs",
        "rev": "99f5676ba0a0c2d7605b63b2dd1b146c384f42dd",
        "type": "github"
      },
      "original": {
        "owner": "NixOS",
        "ref": "master",
        "repo": "nixpkgs",
        "type": "github"
      }
    },
    "nixpkgs-lib": {
      "locked": {
        "lastModified": 1674953599,
        "narHash": "sha256-DlAzFbth2P6Hp1M7smDd1apa2dJdxw3FeaWpl03LWeU=",
        "owner": "nix-community",
        "repo": "nixpkgs.lib",
        "rev": "a6486be6c11c609cd60c01a427279e8a80a025fa",
        "type": "github"
      },
      "original": {
        "owner": "nix-community",
        "repo": "nixpkgs.lib",
        "type": "github"
      }
    },
    "nixpkgs-wayland": {
      "inputs": {
        "flake-compat": "flake-compat",
        "lib-aggregate": "lib-aggregate",
        "nix-eval-jobs": "nix-eval-jobs",
        "nixpkgs": [
          "std",
          "nixpkgs"
        ]
      },
      "locked": {
        "lastModified": 1675081536,
        "narHash": "sha256-uRkv9CVdST/RiOk/Ow6YfkP7XXrziAxCXJqiGkqXeks=",
        "owner": "nix-community",
        "repo": "nixpkgs-wayland",
        "rev": "8050ef5f2a3618ec65156c0ea1946471685e8ee3",
        "type": "github"
      },
      "original": {
        "owner": "nix-community",
        "repo": "nixpkgs-wayland",
        "type": "github"
      }
    },
    "nixpkgs_2": {
      "locked": {
        "lastModified": 1665087388,
        "narHash": "sha256-FZFPuW9NWHJteATOf79rZfwfRn5fE0wi9kRzvGfDHPA=",
        "owner": "nixos",
        "repo": "nixpkgs",
        "rev": "95fda953f6db2e9496d2682c4fc7b82f959878f7",
        "type": "github"
      },
      "original": {
        "owner": "nixos",
        "ref": "nixpkgs-unstable",
        "repo": "nixpkgs",
        "type": "github"
      }
    },
    "nosys": {
      "locked": {
        "lastModified": 1667881534,
        "narHash": "sha256-FhwJ15uPLRsvaxtt/bNuqE/ykMpNAPF0upozFKhTtXM=",
        "owner": "divnix",
        "repo": "nosys",
        "rev": "2d0d5207f6a230e9d0f660903f8db9807b54814f",
        "type": "github"
      },
      "original": {
        "owner": "divnix",
        "repo": "nosys",
        "type": "github"
      }
    },
    "root": {
      "inputs": {
        "nixgl": "nixgl",
        "nixpkgs": [
          "std",
          "nixpkgs"
        ],
        "nixpkgs-wayland": "nixpkgs-wayland",
        "std": "std"
      }
    },
    "std": {
      "inputs": {
        "arion": [
          "std",
          "blank"
        ],
        "blank": "blank",
        "devshell": "devshell",
        "dmerge": "dmerge",
        "flake-utils": "flake-utils_3",
        "incl": "incl",
        "makes": [
          "std",
          "blank"
        ],
        "microvm": [
          "std",
          "blank"
        ],
        "n2c": "n2c",
        "nixago": "nixago",
        "nixpkgs": "nixpkgs_2",
        "nosys": "nosys",
        "yants": "yants"
      },
      "locked": {
        "lastModified": 1675010698,
        "narHash": "sha256-iq9P1Uzgd9WeHyr8T6RKs0IuuLWqMOPedvLjVPoi93Q=",
        "owner": "divnix",
        "repo": "std",
        "rev": "8db6d51f6efba8bc3449fc1bf62672c8c5eb326b",
        "type": "github"
      },
      "original": {
        "owner": "divnix",
        "repo": "std",
        "type": "github"
      }
    },
    "yants": {
      "inputs": {
        "nixpkgs": [
          "std",
          "nixpkgs"
        ]
      },
      "locked": {
        "lastModified": 1667096281,
        "narHash": "sha256-wRRec6ze0gJHmGn6m57/zhz/Kdvp9HS4Nl5fkQ+uIuA=",
        "owner": "divnix",
        "repo": "yants",
        "rev": "d18f356ec25cb94dc9c275870c3a7927a10f8c3c",
        "type": "github"
      },
      "original": {
        "owner": "divnix",
        "repo": "yants",
        "type": "github"
      }
    }
  },
  "root": "root",
  "version": 7
}
